// !$*UTF8*$!
{
	archiveVersion = 1;
	classes = {
	};
	objectVersion = 56;
	objects = {

/* Begin PBXBuildFile section */
		98027B2C2BA1A2F4001A8978 /* HomeView.swift in Sources */ = {isa = PBXBuildFile; fileRef = 98027B2B2BA1A2F3001A8978 /* HomeView.swift */; };
		98027B342BA1A326001A8978 /* ResultView.swift in Sources */ = {isa = PBXBuildFile; fileRef = 98027B332BA1A326001A8978 /* ResultView.swift */; };
		98027B442BA1A378001A8978 /* Pretendard-ExtraLight.otf in Resources */ = {isa = PBXBuildFile; fileRef = 98027B3F2BA1A377001A8978 /* Pretendard-ExtraLight.otf */; };
		98027B452BA1A378001A8978 /* Pretendard-Black.otf in Resources */ = {isa = PBXBuildFile; fileRef = 98027B402BA1A378001A8978 /* Pretendard-Black.otf */; };
		98027B462BA1A378001A8978 /* Pretendard-SemiBold.otf in Resources */ = {isa = PBXBuildFile; fileRef = 98027B412BA1A378001A8978 /* Pretendard-SemiBold.otf */; };
		98027B472BA1A378001A8978 /* Pretendard-Thin.otf in Resources */ = {isa = PBXBuildFile; fileRef = 98027B422BA1A378001A8978 /* Pretendard-Thin.otf */; };
		98027B482BA1A378001A8978 /* Pretendard-ExtraBold.otf in Resources */ = {isa = PBXBuildFile; fileRef = 98027B432BA1A378001A8978 /* Pretendard-ExtraBold.otf */; };
		981E67B82BA497A10038A3D6 /* ResultViewModel.swift in Sources */ = {isa = PBXBuildFile; fileRef = 981E67B72BA497A10038A3D6 /* ResultViewModel.swift */; };
		981E67BA2BA498FD0038A3D6 /* GoogleService-Info.plist in Resources */ = {isa = PBXBuildFile; fileRef = 981E67B92BA498FD0038A3D6 /* GoogleService-Info.plist */; };
		981E67BD2BA499FA0038A3D6 /* FirebaseDatabase in Frameworks */ = {isa = PBXBuildFile; productRef = 981E67BC2BA499FA0038A3D6 /* FirebaseDatabase */; };
		981E67BF2BA499FA0038A3D6 /* FirebaseDatabaseSwift in Frameworks */ = {isa = PBXBuildFile; productRef = 981E67BE2BA499FA0038A3D6 /* FirebaseDatabaseSwift */; };
		981E67C12BA499FA0038A3D6 /* FirebaseDynamicLinks in Frameworks */ = {isa = PBXBuildFile; productRef = 981E67C02BA499FA0038A3D6 /* FirebaseDynamicLinks */; };
		981E67C32BA499FA0038A3D6 /* FirebaseFirestore in Frameworks */ = {isa = PBXBuildFile; productRef = 981E67C22BA499FA0038A3D6 /* FirebaseFirestore */; };
		981E67C52BA499FA0038A3D6 /* FirebaseFirestoreCombine-Community in Frameworks */ = {isa = PBXBuildFile; productRef = 981E67C42BA499FA0038A3D6 /* FirebaseFirestoreCombine-Community */; };
		981E67C72BA499FA0038A3D6 /* FirebaseFirestoreSwift in Frameworks */ = {isa = PBXBuildFile; productRef = 981E67C62BA499FA0038A3D6 /* FirebaseFirestoreSwift */; };
		981E67C92BA499FA0038A3D6 /* FirebaseStorage in Frameworks */ = {isa = PBXBuildFile; productRef = 981E67C82BA499FA0038A3D6 /* FirebaseStorage */; };
		981E67CC2BA49E100038A3D6 /* ImageProcessor.swift in Sources */ = {isa = PBXBuildFile; fileRef = 981E67CB2BA49E100038A3D6 /* ImageProcessor.swift */; };
		981E67D02BA4A9550038A3D6 /* Font.swift in Sources */ = {isa = PBXBuildFile; fileRef = 981E67CF2BA4A9550038A3D6 /* Font.swift */; };
		981E67D22BA4ADD10038A3D6 /* IconTextComponent.swift in Sources */ = {isa = PBXBuildFile; fileRef = 981E67D12BA4ADD10038A3D6 /* IconTextComponent.swift */; };
		9823DBE82BA1AA58007885C4 /* TakePhotoView.swift in Sources */ = {isa = PBXBuildFile; fileRef = 9823DBE72BA1AA58007885C4 /* TakePhotoView.swift */; };
		9823DBEC2BA1AAE7007885C4 /* OnboardingView.swift in Sources */ = {isa = PBXBuildFile; fileRef = 9823DBEB2BA1AAE7007885C4 /* OnboardingView.swift */; };
		9823DBEF2BA1ACE4007885C4 /* CameraViewModel.swift in Sources */ = {isa = PBXBuildFile; fileRef = 9823DBEE2BA1ACE4007885C4 /* CameraViewModel.swift */; };
		9823DBF12BA1AD11007885C4 /* CustomCameraView.swift in Sources */ = {isa = PBXBuildFile; fileRef = 9823DBF02BA1AD11007885C4 /* CustomCameraView.swift */; };
		985349252BAC938F00EAE092 /* mintUniv.colorset in Resources */ = {isa = PBXBuildFile; fileRef = 9853491F2BAC938F00EAE092 /* mintUniv.colorset */; };
		985349262BAC938F00EAE092 /* Contents.json in Resources */ = {isa = PBXBuildFile; fileRef = 985349202BAC938F00EAE092 /* Contents.json */; };
		985349272BAC938F00EAE092 /* Colors.xcassets in Resources */ = {isa = PBXBuildFile; fileRef = 985349212BAC938F00EAE092 /* Colors.xcassets */; };
		985349282BAC938F00EAE092 /* lightGrayUniv.colorset in Resources */ = {isa = PBXBuildFile; fileRef = 985349222BAC938F00EAE092 /* lightGrayUniv.colorset */; };
		985349292BAC938F00EAE092 /* skyBlueUniv.colorset in Resources */ = {isa = PBXBuildFile; fileRef = 985349232BAC938F00EAE092 /* skyBlueUniv.colorset */; };
		9853492A2BAC938F00EAE092 /* grayUniv.colorset in Resources */ = {isa = PBXBuildFile; fileRef = 985349242BAC938F00EAE092 /* grayUniv.colorset */; };
		ED7F36B42BA17C1B00D32683 /* UNIV_4cutApp.swift in Sources */ = {isa = PBXBuildFile; fileRef = ED7F36B32BA17C1B00D32683 /* UNIV_4cutApp.swift */; };
		ED7F36B62BA17C1B00D32683 /* ContentView.swift in Sources */ = {isa = PBXBuildFile; fileRef = ED7F36B52BA17C1B00D32683 /* ContentView.swift */; };
		ED7F36B82BA17C1C00D32683 /* Assets.xcassets in Resources */ = {isa = PBXBuildFile; fileRef = ED7F36B72BA17C1C00D32683 /* Assets.xcassets */; };
		ED7F36BB2BA17C1C00D32683 /* Preview Assets.xcassets in Resources */ = {isa = PBXBuildFile; fileRef = ED7F36BA2BA17C1C00D32683 /* Preview Assets.xcassets */; };
/* End PBXBuildFile section */

/* Begin PBXFileReference section */
		98027B212BA1A2C0001A8978 /* .keep */ = {isa = PBXFileReference; lastKnownFileType = text; path = .keep; sourceTree = "<group>"; };
		98027B252BA1A2D7001A8978 /* .keep */ = {isa = PBXFileReference; lastKnownFileType = text; path = .keep; sourceTree = "<group>"; };
		98027B2B2BA1A2F3001A8978 /* HomeView.swift */ = {isa = PBXFileReference; lastKnownFileType = sourcecode.swift; path = HomeView.swift; sourceTree = "<group>"; };
		98027B2D2BA1A30B001A8978 /* .keep */ = {isa = PBXFileReference; lastKnownFileType = text; path = .keep; sourceTree = "<group>"; };
		98027B2F2BA1A311001A8978 /* .keep */ = {isa = PBXFileReference; lastKnownFileType = text; path = .keep; sourceTree = "<group>"; };
		98027B332BA1A326001A8978 /* ResultView.swift */ = {isa = PBXFileReference; lastKnownFileType = sourcecode.swift; path = ResultView.swift; sourceTree = "<group>"; };
		98027B372BA1A340001A8978 /* .keep */ = {isa = PBXFileReference; lastKnownFileType = text; path = .keep; sourceTree = "<group>"; };
		98027B3B2BA1A351001A8978 /* .keep */ = {isa = PBXFileReference; lastKnownFileType = text; path = .keep; sourceTree = "<group>"; };
		98027B3F2BA1A377001A8978 /* Pretendard-ExtraLight.otf */ = {isa = PBXFileReference; lastKnownFileType = file; path = "Pretendard-ExtraLight.otf"; sourceTree = "<group>"; };
		98027B402BA1A378001A8978 /* Pretendard-Black.otf */ = {isa = PBXFileReference; lastKnownFileType = file; path = "Pretendard-Black.otf"; sourceTree = "<group>"; };
		98027B412BA1A378001A8978 /* Pretendard-SemiBold.otf */ = {isa = PBXFileReference; lastKnownFileType = file; path = "Pretendard-SemiBold.otf"; sourceTree = "<group>"; };
		98027B422BA1A378001A8978 /* Pretendard-Thin.otf */ = {isa = PBXFileReference; lastKnownFileType = file; path = "Pretendard-Thin.otf"; sourceTree = "<group>"; };
		98027B432BA1A378001A8978 /* Pretendard-ExtraBold.otf */ = {isa = PBXFileReference; lastKnownFileType = file; path = "Pretendard-ExtraBold.otf"; sourceTree = "<group>"; };
		981E67B72BA497A10038A3D6 /* ResultViewModel.swift */ = {isa = PBXFileReference; lastKnownFileType = sourcecode.swift; path = ResultViewModel.swift; sourceTree = "<group>"; };
		981E67B92BA498FD0038A3D6 /* GoogleService-Info.plist */ = {isa = PBXFileReference; fileEncoding = 4; lastKnownFileType = text.plist.xml; path = "GoogleService-Info.plist"; sourceTree = "<group>"; };
		981E67CB2BA49E100038A3D6 /* ImageProcessor.swift */ = {isa = PBXFileReference; lastKnownFileType = sourcecode.swift; path = ImageProcessor.swift; sourceTree = "<group>"; };
		981E67CD2BA4A8910038A3D6 /* Info.plist */ = {isa = PBXFileReference; lastKnownFileType = text.plist; path = Info.plist; sourceTree = "<group>"; };
		981E67CF2BA4A9550038A3D6 /* Font.swift */ = {isa = PBXFileReference; lastKnownFileType = sourcecode.swift; path = Font.swift; sourceTree = "<group>"; };
		981E67D12BA4ADD10038A3D6 /* IconTextComponent.swift */ = {isa = PBXFileReference; lastKnownFileType = sourcecode.swift; path = IconTextComponent.swift; sourceTree = "<group>"; };
		9823DBE72BA1AA58007885C4 /* TakePhotoView.swift */ = {isa = PBXFileReference; lastKnownFileType = sourcecode.swift; path = TakePhotoView.swift; sourceTree = "<group>"; };
		9823DBEB2BA1AAE7007885C4 /* OnboardingView.swift */ = {isa = PBXFileReference; lastKnownFileType = sourcecode.swift; path = OnboardingView.swift; sourceTree = "<group>"; };
		9823DBEE2BA1ACE4007885C4 /* CameraViewModel.swift */ = {isa = PBXFileReference; lastKnownFileType = sourcecode.swift; path = CameraViewModel.swift; sourceTree = "<group>"; };
		9823DBF02BA1AD11007885C4 /* CustomCameraView.swift */ = {isa = PBXFileReference; lastKnownFileType = sourcecode.swift; path = CustomCameraView.swift; sourceTree = "<group>"; };
		9853491F2BAC938F00EAE092 /* mintUniv.colorset */ = {isa = PBXFileReference; lastKnownFileType = folder; name = mintUniv.colorset; path = Colors.xcassets/mintUniv.colorset; sourceTree = "<group>"; };
		985349202BAC938F00EAE092 /* Contents.json */ = {isa = PBXFileReference; fileEncoding = 4; lastKnownFileType = text.json; name = Contents.json; path = Colors.xcassets/Contents.json; sourceTree = "<group>"; };
		985349212BAC938F00EAE092 /* Colors.xcassets */ = {isa = PBXFileReference; lastKnownFileType = folder.assetcatalog; path = Colors.xcassets; sourceTree = "<group>"; };
		985349222BAC938F00EAE092 /* lightGrayUniv.colorset */ = {isa = PBXFileReference; lastKnownFileType = folder; name = lightGrayUniv.colorset; path = Colors.xcassets/lightGrayUniv.colorset; sourceTree = "<group>"; };
		985349232BAC938F00EAE092 /* skyBlueUniv.colorset */ = {isa = PBXFileReference; lastKnownFileType = folder; name = skyBlueUniv.colorset; path = Colors.xcassets/skyBlueUniv.colorset; sourceTree = "<group>"; };
		985349242BAC938F00EAE092 /* grayUniv.colorset */ = {isa = PBXFileReference; lastKnownFileType = folder; name = grayUniv.colorset; path = Colors.xcassets/grayUniv.colorset; sourceTree = "<group>"; };
		ED7F36B02BA17C1B00D32683 /* UNIV-4cut.app */ = {isa = PBXFileReference; explicitFileType = wrapper.application; includeInIndex = 0; path = "UNIV-4cut.app"; sourceTree = BUILT_PRODUCTS_DIR; };
		ED7F36B32BA17C1B00D32683 /* UNIV_4cutApp.swift */ = {isa = PBXFileReference; lastKnownFileType = sourcecode.swift; path = UNIV_4cutApp.swift; sourceTree = "<group>"; };
		ED7F36B52BA17C1B00D32683 /* ContentView.swift */ = {isa = PBXFileReference; lastKnownFileType = sourcecode.swift; path = ContentView.swift; sourceTree = "<group>"; };
		ED7F36B72BA17C1C00D32683 /* Assets.xcassets */ = {isa = PBXFileReference; lastKnownFileType = folder.assetcatalog; path = Assets.xcassets; sourceTree = "<group>"; };
		ED7F36BA2BA17C1C00D32683 /* Preview Assets.xcassets */ = {isa = PBXFileReference; lastKnownFileType = folder.assetcatalog; path = "Preview Assets.xcassets"; sourceTree = "<group>"; };
/* End PBXFileReference section */

/* Begin PBXFrameworksBuildPhase section */
		ED7F36AD2BA17C1B00D32683 /* Frameworks */ = {
			isa = PBXFrameworksBuildPhase;
			buildActionMask = 2147483647;
			files = (
				981E67BF2BA499FA0038A3D6 /* FirebaseDatabaseSwift in Frameworks */,
				981E67C32BA499FA0038A3D6 /* FirebaseFirestore in Frameworks */,
				981E67BD2BA499FA0038A3D6 /* FirebaseDatabase in Frameworks */,
				981E67C52BA499FA0038A3D6 /* FirebaseFirestoreCombine-Community in Frameworks */,
				981E67C92BA499FA0038A3D6 /* FirebaseStorage in Frameworks */,
				981E67C12BA499FA0038A3D6 /* FirebaseDynamicLinks in Frameworks */,
				981E67C72BA499FA0038A3D6 /* FirebaseFirestoreSwift in Frameworks */,
			);
			runOnlyForDeploymentPostprocessing = 0;
		};
/* End PBXFrameworksBuildPhase section */

/* Begin PBXGroup section */
		98027B1E2BA1A298001A8978 /* SupprotFiles */ = {
			isa = PBXGroup;
			children = (
				98027B3B2BA1A351001A8978 /* .keep */,
			);
			path = SupprotFiles;
			sourceTree = "<group>";
		};
		98027B1F2BA1A2A8001A8978 /* Code */ = {
			isa = PBXGroup;
			children = (
				981E67CE2BA4A9470038A3D6 /* Extension */,
				98027B242BA1A2C9001A8978 /* Utilities */,
				98027B232BA1A2C4001A8978 /* Features */,
			);
			path = Code;
			sourceTree = "<group>";
		};
		98027B202BA1A2AB001A8978 /* Config */ = {
			isa = PBXGroup;
			children = (
				98027B212BA1A2C0001A8978 /* .keep */,
			);
			path = Config;
			sourceTree = "<group>";
		};
		98027B232BA1A2C4001A8978 /* Features */ = {
			isa = PBXGroup;
			children = (
				9823DBE92BA1AAD5007885C4 /* Onboarding */,
				9823DBE32BA1AA33007885C4 /* TakePhoto */,
				98027B312BA1A315001A8978 /* Result */,
				98027B272BA1A2DB001A8978 /* Home */,
			);
			path = Features;
			sourceTree = "<group>";
		};
		98027B242BA1A2C9001A8978 /* Utilities */ = {
			isa = PBXGroup;
			children = (
				981E67CA2BA49DFC0038A3D6 /* Result */,
				98027B252BA1A2D7001A8978 /* .keep */,
			);
			path = Utilities;
			sourceTree = "<group>";
		};
		98027B272BA1A2DB001A8978 /* Home */ = {
			isa = PBXGroup;
			children = (
				98027B2A2BA1A2E7001A8978 /* ViewModels */,
				98027B292BA1A2E3001A8978 /* Views */,
				98027B282BA1A2DE001A8978 /* Models */,
			);
			path = Home;
			sourceTree = "<group>";
		};
		98027B282BA1A2DE001A8978 /* Models */ = {
			isa = PBXGroup;
			children = (
				98027B2D2BA1A30B001A8978 /* .keep */,
			);
			path = Models;
			sourceTree = "<group>";
		};
		98027B292BA1A2E3001A8978 /* Views */ = {
			isa = PBXGroup;
			children = (
				98027B2B2BA1A2F3001A8978 /* HomeView.swift */,
			);
			path = Views;
			sourceTree = "<group>";
		};
		98027B2A2BA1A2E7001A8978 /* ViewModels */ = {
			isa = PBXGroup;
			children = (
				98027B2F2BA1A311001A8978 /* .keep */,
			);
			path = ViewModels;
			sourceTree = "<group>";
		};
		98027B312BA1A315001A8978 /* Result */ = {
			isa = PBXGroup;
			children = (
				98027B362BA1A334001A8978 /* ViewModels */,
				98027B352BA1A330001A8978 /* Models */,
				98027B322BA1A31B001A8978 /* Views */,
			);
			path = Result;
			sourceTree = "<group>";
		};
		98027B322BA1A31B001A8978 /* Views */ = {
			isa = PBXGroup;
			children = (
				98027B332BA1A326001A8978 /* ResultView.swift */,
			);
			path = Views;
			sourceTree = "<group>";
		};
		98027B352BA1A330001A8978 /* Models */ = {
			isa = PBXGroup;
			children = (
				98027B372BA1A340001A8978 /* .keep */,
			);
			path = Models;
			sourceTree = "<group>";
		};
		98027B362BA1A334001A8978 /* ViewModels */ = {
			isa = PBXGroup;
			children = (
				981E67B72BA497A10038A3D6 /* ResultViewModel.swift */,
			);
			path = ViewModels;
			sourceTree = "<group>";
		};
		98027B3D2BA1A365001A8978 /* Resources */ = {
			isa = PBXGroup;
			children = (
				985349212BAC938F00EAE092 /* Colors.xcassets */,
				985349202BAC938F00EAE092 /* Contents.json */,
				985349242BAC938F00EAE092 /* grayUniv.colorset */,
				985349222BAC938F00EAE092 /* lightGrayUniv.colorset */,
				9853491F2BAC938F00EAE092 /* mintUniv.colorset */,
				985349232BAC938F00EAE092 /* skyBlueUniv.colorset */,
				98027B3E2BA1A36D001A8978 /* Fonts */,
				ED7F36B72BA17C1C00D32683 /* Assets.xcassets */,
			);
			path = Resources;
			sourceTree = "<group>";
		};
		98027B3E2BA1A36D001A8978 /* Fonts */ = {
			isa = PBXGroup;
			children = (
				98027B402BA1A378001A8978 /* Pretendard-Black.otf */,
				98027B432BA1A378001A8978 /* Pretendard-ExtraBold.otf */,
				98027B3F2BA1A377001A8978 /* Pretendard-ExtraLight.otf */,
				98027B412BA1A378001A8978 /* Pretendard-SemiBold.otf */,
				98027B422BA1A378001A8978 /* Pretendard-Thin.otf */,
			);
			path = Fonts;
			sourceTree = "<group>";
		};
		981E67CA2BA49DFC0038A3D6 /* Result */ = {
			isa = PBXGroup;
			children = (
				981E67CB2BA49E100038A3D6 /* ImageProcessor.swift */,
			);
			path = Result;
			sourceTree = "<group>";
		};
		981E67CE2BA4A9470038A3D6 /* Extension */ = {
			isa = PBXGroup;
			children = (
				981E67CF2BA4A9550038A3D6 /* Font.swift */,
			);
			path = Extension;
			sourceTree = "<group>";
		};
		9823DBE32BA1AA33007885C4 /* TakePhoto */ = {
			isa = PBXGroup;
			children = (
				9823DBED2BA1ACC9007885C4 /* ViewModels */,
				9823DBE42BA1AA38007885C4 /* Views */,
			);
			path = TakePhoto;
			sourceTree = "<group>";
		};
		9823DBE42BA1AA38007885C4 /* Views */ = {
			isa = PBXGroup;
			children = (
				9823DBF02BA1AD11007885C4 /* CustomCameraView.swift */,
				9823DBE72BA1AA58007885C4 /* TakePhotoView.swift */,
			);
			path = Views;
			sourceTree = "<group>";
		};
		9823DBE92BA1AAD5007885C4 /* Onboarding */ = {
			isa = PBXGroup;
			children = (
				9823DBEA2BA1AADC007885C4 /* Views */,
			);
			path = Onboarding;
			sourceTree = "<group>";
		};
		9823DBEA2BA1AADC007885C4 /* Views */ = {
			isa = PBXGroup;
			children = (
				9823DBEB2BA1AAE7007885C4 /* OnboardingView.swift */,
				981E67D12BA4ADD10038A3D6 /* IconTextComponent.swift */,
			);
			path = Views;
			sourceTree = "<group>";
		};
		9823DBED2BA1ACC9007885C4 /* ViewModels */ = {
			isa = PBXGroup;
			children = (
				9823DBEE2BA1ACE4007885C4 /* CameraViewModel.swift */,
			);
			path = ViewModels;
			sourceTree = "<group>";
		};
		ED7F36A72BA17C1B00D32683 = {
			isa = PBXGroup;
			children = (
				ED7F36B22BA17C1B00D32683 /* UNIV-4cut */,
				ED7F36B12BA17C1B00D32683 /* Products */,
			);
			sourceTree = "<group>";
		};
		ED7F36B12BA17C1B00D32683 /* Products */ = {
			isa = PBXGroup;
			children = (
				ED7F36B02BA17C1B00D32683 /* UNIV-4cut.app */,
			);
			name = Products;
			sourceTree = "<group>";
		};
		ED7F36B22BA17C1B00D32683 /* UNIV-4cut */ = {
			isa = PBXGroup;
			children = (
				981E67CD2BA4A8910038A3D6 /* Info.plist */,
				981E67B92BA498FD0038A3D6 /* GoogleService-Info.plist */,
				98027B3D2BA1A365001A8978 /* Resources */,
				98027B202BA1A2AB001A8978 /* Config */,
				98027B1F2BA1A2A8001A8978 /* Code */,
				98027B1E2BA1A298001A8978 /* SupprotFiles */,
				ED7F36B32BA17C1B00D32683 /* UNIV_4cutApp.swift */,
				ED7F36B52BA17C1B00D32683 /* ContentView.swift */,
				ED7F36B92BA17C1C00D32683 /* Preview Content */,
			);
			path = "UNIV-4cut";
			sourceTree = "<group>";
		};
		ED7F36B92BA17C1C00D32683 /* Preview Content */ = {
			isa = PBXGroup;
			children = (
				ED7F36BA2BA17C1C00D32683 /* Preview Assets.xcassets */,
			);
			path = "Preview Content";
			sourceTree = "<group>";
		};
/* End PBXGroup section */

/* Begin PBXNativeTarget section */
		ED7F36AF2BA17C1B00D32683 /* UNIV-4cut */ = {
			isa = PBXNativeTarget;
			buildConfigurationList = ED7F36BE2BA17C1C00D32683 /* Build configuration list for PBXNativeTarget "UNIV-4cut" */;
			buildPhases = (
				ED7F36AC2BA17C1B00D32683 /* Sources */,
				ED7F36AD2BA17C1B00D32683 /* Frameworks */,
				ED7F36AE2BA17C1B00D32683 /* Resources */,
			);
			buildRules = (
			);
			dependencies = (
			);
			name = "UNIV-4cut";
			packageProductDependencies = (
				981E67BC2BA499FA0038A3D6 /* FirebaseDatabase */,
				981E67BE2BA499FA0038A3D6 /* FirebaseDatabaseSwift */,
				981E67C02BA499FA0038A3D6 /* FirebaseDynamicLinks */,
				981E67C22BA499FA0038A3D6 /* FirebaseFirestore */,
				981E67C42BA499FA0038A3D6 /* FirebaseFirestoreCombine-Community */,
				981E67C62BA499FA0038A3D6 /* FirebaseFirestoreSwift */,
				981E67C82BA499FA0038A3D6 /* FirebaseStorage */,
			);
			productName = "UNIV-4cut";
			productReference = ED7F36B02BA17C1B00D32683 /* UNIV-4cut.app */;
			productType = "com.apple.product-type.application";
		};
/* End PBXNativeTarget section */

/* Begin PBXProject section */
		ED7F36A82BA17C1B00D32683 /* Project object */ = {
			isa = PBXProject;
			attributes = {
				BuildIndependentTargetsInParallel = 1;
				LastSwiftUpdateCheck = 1500;
				LastUpgradeCheck = 1500;
				TargetAttributes = {
					ED7F36AF2BA17C1B00D32683 = {
						CreatedOnToolsVersion = 15.0.1;
					};
				};
			};
			buildConfigurationList = ED7F36AB2BA17C1B00D32683 /* Build configuration list for PBXProject "UNIV-4cut" */;
			compatibilityVersion = "Xcode 14.0";
			developmentRegion = en;
			hasScannedForEncodings = 0;
			knownRegions = (
				en,
				Base,
			);
			mainGroup = ED7F36A72BA17C1B00D32683;
			packageReferences = (
				981E67BB2BA499FA0038A3D6 /* XCRemoteSwiftPackageReference "firebase-ios-sdk" */,
			);
			productRefGroup = ED7F36B12BA17C1B00D32683 /* Products */;
			projectDirPath = "";
			projectRoot = "";
			targets = (
				ED7F36AF2BA17C1B00D32683 /* UNIV-4cut */,
			);
		};
/* End PBXProject section */

/* Begin PBXResourcesBuildPhase section */
		ED7F36AE2BA17C1B00D32683 /* Resources */ = {
			isa = PBXResourcesBuildPhase;
			buildActionMask = 2147483647;
			files = (
				985349282BAC938F00EAE092 /* lightGrayUniv.colorset in Resources */,
				981E67BA2BA498FD0038A3D6 /* GoogleService-Info.plist in Resources */,
				98027B482BA1A378001A8978 /* Pretendard-ExtraBold.otf in Resources */,
				985349272BAC938F00EAE092 /* Colors.xcassets in Resources */,
				98027B442BA1A378001A8978 /* Pretendard-ExtraLight.otf in Resources */,
				9853492A2BAC938F00EAE092 /* grayUniv.colorset in Resources */,
				98027B462BA1A378001A8978 /* Pretendard-SemiBold.otf in Resources */,
				98027B452BA1A378001A8978 /* Pretendard-Black.otf in Resources */,
				985349262BAC938F00EAE092 /* Contents.json in Resources */,
				ED7F36BB2BA17C1C00D32683 /* Preview Assets.xcassets in Resources */,
				985349292BAC938F00EAE092 /* skyBlueUniv.colorset in Resources */,
				98027B472BA1A378001A8978 /* Pretendard-Thin.otf in Resources */,
				ED7F36B82BA17C1C00D32683 /* Assets.xcassets in Resources */,
				985349252BAC938F00EAE092 /* mintUniv.colorset in Resources */,
			);
			runOnlyForDeploymentPostprocessing = 0;
		};
/* End PBXResourcesBuildPhase section */

/* Begin PBXSourcesBuildPhase section */
		ED7F36AC2BA17C1B00D32683 /* Sources */ = {
			isa = PBXSourcesBuildPhase;
			buildActionMask = 2147483647;
			files = (
				98027B2C2BA1A2F4001A8978 /* HomeView.swift in Sources */,
				98027B342BA1A326001A8978 /* ResultView.swift in Sources */,
				981E67CC2BA49E100038A3D6 /* ImageProcessor.swift in Sources */,
				981E67B82BA497A10038A3D6 /* ResultViewModel.swift in Sources */,
				ED7F36B62BA17C1B00D32683 /* ContentView.swift in Sources */,
				9823DBEC2BA1AAE7007885C4 /* OnboardingView.swift in Sources */,
				9823DBEF2BA1ACE4007885C4 /* CameraViewModel.swift in Sources */,
				9823DBE82BA1AA58007885C4 /* TakePhotoView.swift in Sources */,
				ED7F36B42BA17C1B00D32683 /* UNIV_4cutApp.swift in Sources */,
				981E67D02BA4A9550038A3D6 /* Font.swift in Sources */,
				9823DBF12BA1AD11007885C4 /* CustomCameraView.swift in Sources */,
				981E67D22BA4ADD10038A3D6 /* IconTextComponent.swift in Sources */,
			);
			runOnlyForDeploymentPostprocessing = 0;
		};
/* End PBXSourcesBuildPhase section */

/* Begin XCBuildConfiguration section */
		ED7F36BC2BA17C1C00D32683 /* Debug */ = {
			isa = XCBuildConfiguration;
			buildSettings = {
				ALWAYS_SEARCH_USER_PATHS = NO;
				ASSETCATALOG_COMPILER_GENERATE_SWIFT_ASSET_SYMBOL_EXTENSIONS = YES;
				CLANG_ANALYZER_NONNULL = YES;
				CLANG_ANALYZER_NUMBER_OBJECT_CONVERSION = YES_AGGRESSIVE;
				CLANG_CXX_LANGUAGE_STANDARD = "gnu++20";
				CLANG_ENABLE_MODULES = YES;
				CLANG_ENABLE_OBJC_ARC = YES;
				CLANG_ENABLE_OBJC_WEAK = YES;
				CLANG_WARN_BLOCK_CAPTURE_AUTORELEASING = YES;
				CLANG_WARN_BOOL_CONVERSION = YES;
				CLANG_WARN_COMMA = YES;
				CLANG_WARN_CONSTANT_CONVERSION = YES;
				CLANG_WARN_DEPRECATED_OBJC_IMPLEMENTATIONS = YES;
				CLANG_WARN_DIRECT_OBJC_ISA_USAGE = YES_ERROR;
				CLANG_WARN_DOCUMENTATION_COMMENTS = YES;
				CLANG_WARN_EMPTY_BODY = YES;
				CLANG_WARN_ENUM_CONVERSION = YES;
				CLANG_WARN_INFINITE_RECURSION = YES;
				CLANG_WARN_INT_CONVERSION = YES;
				CLANG_WARN_NON_LITERAL_NULL_CONVERSION = YES;
				CLANG_WARN_OBJC_IMPLICIT_RETAIN_SELF = YES;
				CLANG_WARN_OBJC_LITERAL_CONVERSION = YES;
				CLANG_WARN_OBJC_ROOT_CLASS = YES_ERROR;
				CLANG_WARN_QUOTED_INCLUDE_IN_FRAMEWORK_HEADER = YES;
				CLANG_WARN_RANGE_LOOP_ANALYSIS = YES;
				CLANG_WARN_STRICT_PROTOTYPES = YES;
				CLANG_WARN_SUSPICIOUS_MOVE = YES;
				CLANG_WARN_UNGUARDED_AVAILABILITY = YES_AGGRESSIVE;
				CLANG_WARN_UNREACHABLE_CODE = YES;
				CLANG_WARN__DUPLICATE_METHOD_MATCH = YES;
				COPY_PHASE_STRIP = NO;
				DEBUG_INFORMATION_FORMAT = dwarf;
				ENABLE_STRICT_OBJC_MSGSEND = YES;
				ENABLE_TESTABILITY = YES;
				ENABLE_USER_SCRIPT_SANDBOXING = YES;
				GCC_C_LANGUAGE_STANDARD = gnu17;
				GCC_DYNAMIC_NO_PIC = NO;
				GCC_NO_COMMON_BLOCKS = YES;
				GCC_OPTIMIZATION_LEVEL = 0;
				GCC_PREPROCESSOR_DEFINITIONS = (
					"DEBUG=1",
					"$(inherited)",
				);
				GCC_WARN_64_TO_32_BIT_CONVERSION = YES;
				GCC_WARN_ABOUT_RETURN_TYPE = YES_ERROR;
				GCC_WARN_UNDECLARED_SELECTOR = YES;
				GCC_WARN_UNINITIALIZED_AUTOS = YES_AGGRESSIVE;
				GCC_WARN_UNUSED_FUNCTION = YES;
				GCC_WARN_UNUSED_VARIABLE = YES;
				IPHONEOS_DEPLOYMENT_TARGET = 17.0;
				LOCALIZATION_PREFERS_STRING_CATALOGS = YES;
				MTL_ENABLE_DEBUG_INFO = INCLUDE_SOURCE;
				MTL_FAST_MATH = YES;
				ONLY_ACTIVE_ARCH = YES;
				SDKROOT = iphoneos;
				SWIFT_ACTIVE_COMPILATION_CONDITIONS = "DEBUG $(inherited)";
				SWIFT_OPTIMIZATION_LEVEL = "-Onone";
			};
			name = Debug;
		};
		ED7F36BD2BA17C1C00D32683 /* Release */ = {
			isa = XCBuildConfiguration;
			buildSettings = {
				ALWAYS_SEARCH_USER_PATHS = NO;
				ASSETCATALOG_COMPILER_GENERATE_SWIFT_ASSET_SYMBOL_EXTENSIONS = YES;
				CLANG_ANALYZER_NONNULL = YES;
				CLANG_ANALYZER_NUMBER_OBJECT_CONVERSION = YES_AGGRESSIVE;
				CLANG_CXX_LANGUAGE_STANDARD = "gnu++20";
				CLANG_ENABLE_MODULES = YES;
				CLANG_ENABLE_OBJC_ARC = YES;
				CLANG_ENABLE_OBJC_WEAK = YES;
				CLANG_WARN_BLOCK_CAPTURE_AUTORELEASING = YES;
				CLANG_WARN_BOOL_CONVERSION = YES;
				CLANG_WARN_COMMA = YES;
				CLANG_WARN_CONSTANT_CONVERSION = YES;
				CLANG_WARN_DEPRECATED_OBJC_IMPLEMENTATIONS = YES;
				CLANG_WARN_DIRECT_OBJC_ISA_USAGE = YES_ERROR;
				CLANG_WARN_DOCUMENTATION_COMMENTS = YES;
				CLANG_WARN_EMPTY_BODY = YES;
				CLANG_WARN_ENUM_CONVERSION = YES;
				CLANG_WARN_INFINITE_RECURSION = YES;
				CLANG_WARN_INT_CONVERSION = YES;
				CLANG_WARN_NON_LITERAL_NULL_CONVERSION = YES;
				CLANG_WARN_OBJC_IMPLICIT_RETAIN_SELF = YES;
				CLANG_WARN_OBJC_LITERAL_CONVERSION = YES;
				CLANG_WARN_OBJC_ROOT_CLASS = YES_ERROR;
				CLANG_WARN_QUOTED_INCLUDE_IN_FRAMEWORK_HEADER = YES;
				CLANG_WARN_RANGE_LOOP_ANALYSIS = YES;
				CLANG_WARN_STRICT_PROTOTYPES = YES;
				CLANG_WARN_SUSPICIOUS_MOVE = YES;
				CLANG_WARN_UNGUARDED_AVAILABILITY = YES_AGGRESSIVE;
				CLANG_WARN_UNREACHABLE_CODE = YES;
				CLANG_WARN__DUPLICATE_METHOD_MATCH = YES;
				COPY_PHASE_STRIP = NO;
				DEBUG_INFORMATION_FORMAT = "dwarf-with-dsym";
				ENABLE_NS_ASSERTIONS = NO;
				ENABLE_STRICT_OBJC_MSGSEND = YES;
				ENABLE_USER_SCRIPT_SANDBOXING = YES;
				GCC_C_LANGUAGE_STANDARD = gnu17;
				GCC_NO_COMMON_BLOCKS = YES;
				GCC_WARN_64_TO_32_BIT_CONVERSION = YES;
				GCC_WARN_ABOUT_RETURN_TYPE = YES_ERROR;
				GCC_WARN_UNDECLARED_SELECTOR = YES;
				GCC_WARN_UNINITIALIZED_AUTOS = YES_AGGRESSIVE;
				GCC_WARN_UNUSED_FUNCTION = YES;
				GCC_WARN_UNUSED_VARIABLE = YES;
				IPHONEOS_DEPLOYMENT_TARGET = 17.0;
				LOCALIZATION_PREFERS_STRING_CATALOGS = YES;
				MTL_ENABLE_DEBUG_INFO = NO;
				MTL_FAST_MATH = YES;
				SDKROOT = iphoneos;
				SWIFT_COMPILATION_MODE = wholemodule;
				VALIDATE_PRODUCT = YES;
			};
			name = Release;
		};
		ED7F36BF2BA17C1C00D32683 /* Debug */ = {
			isa = XCBuildConfiguration;
			buildSettings = {
				ASSETCATALOG_COMPILER_APPICON_NAME = AppIcon;
				ASSETCATALOG_COMPILER_GLOBAL_ACCENT_COLOR_NAME = AccentColor;
				CODE_SIGN_STYLE = Automatic;
				CURRENT_PROJECT_VERSION = 1;
				DEVELOPMENT_ASSET_PATHS = "\"UNIV-4cut/Preview Content\"";
				DEVELOPMENT_TEAM = Y2M459JK4X;
				ENABLE_PREVIEWS = YES;
				GENERATE_INFOPLIST_FILE = YES;
				INFOPLIST_FILE = "UNIV-4cut/Info.plist";
				INFOPLIST_KEY_CFBundleDisplayName = "유니브네컷";
				INFOPLIST_KEY_LSApplicationCategoryType = "";
				INFOPLIST_KEY_NSCameraUsageDescription = "카메라 사용을 허용하시겠습니까?";
				INFOPLIST_KEY_NSPhotoLibraryUsageDescription = "사진을 허용하시겠습니까?";
				INFOPLIST_KEY_UIApplicationSceneManifest_Generation = YES;
				INFOPLIST_KEY_UIApplicationSupportsIndirectInputEvents = YES;
				INFOPLIST_KEY_UILaunchScreen_Generation = YES;
				INFOPLIST_KEY_UISupportedInterfaceOrientations_iPad = "UIInterfaceOrientationPortrait UIInterfaceOrientationPortraitUpsideDown UIInterfaceOrientationLandscapeLeft UIInterfaceOrientationLandscapeRight";
				INFOPLIST_KEY_UISupportedInterfaceOrientations_iPhone = "UIInterfaceOrientationPortrait UIInterfaceOrientationLandscapeLeft UIInterfaceOrientationLandscapeRight";
				INFOPLIST_KEY_UIUserInterfaceStyle = Light;
				LD_RUNPATH_SEARCH_PATHS = (
					"$(inherited)",
					"@executable_path/Frameworks",
				);
				MARKETING_VERSION = 1.0;
				PRODUCT_BUNDLE_IDENTIFIER = "com.9oormthonUNIV.UNIV-4cut";
				PRODUCT_NAME = "$(TARGET_NAME)";
				SWIFT_EMIT_LOC_STRINGS = YES;
				SWIFT_VERSION = 5.0;
				TARGETED_DEVICE_FAMILY = "1,2";
			};
			name = Debug;
		};
		ED7F36C02BA17C1C00D32683 /* Release */ = {
			isa = XCBuildConfiguration;
			buildSettings = {
				ASSETCATALOG_COMPILER_APPICON_NAME = AppIcon;
				ASSETCATALOG_COMPILER_GLOBAL_ACCENT_COLOR_NAME = AccentColor;
				CODE_SIGN_STYLE = Automatic;
				CURRENT_PROJECT_VERSION = 1;
				DEVELOPMENT_ASSET_PATHS = "\"UNIV-4cut/Preview Content\"";
				DEVELOPMENT_TEAM = Y2M459JK4X;
				ENABLE_PREVIEWS = YES;
				GENERATE_INFOPLIST_FILE = YES;
				INFOPLIST_FILE = "UNIV-4cut/Info.plist";
				INFOPLIST_KEY_CFBundleDisplayName = "유니브네컷";
				INFOPLIST_KEY_LSApplicationCategoryType = "";
				INFOPLIST_KEY_NSCameraUsageDescription = "카메라 사용을 허용하시겠습니까?";
				INFOPLIST_KEY_NSPhotoLibraryUsageDescription = "사진을 허용하시겠습니까?";
				INFOPLIST_KEY_UIApplicationSceneManifest_Generation = YES;
				INFOPLIST_KEY_UIApplicationSupportsIndirectInputEvents = YES;
				INFOPLIST_KEY_UILaunchScreen_Generation = YES;
				INFOPLIST_KEY_UISupportedInterfaceOrientations_iPad = "UIInterfaceOrientationPortrait UIInterfaceOrientationPortraitUpsideDown UIInterfaceOrientationLandscapeLeft UIInterfaceOrientationLandscapeRight";
				INFOPLIST_KEY_UISupportedInterfaceOrientations_iPhone = "UIInterfaceOrientationPortrait UIInterfaceOrientationLandscapeLeft UIInterfaceOrientationLandscapeRight";
				INFOPLIST_KEY_UIUserInterfaceStyle = Light;
				LD_RUNPATH_SEARCH_PATHS = (
					"$(inherited)",
					"@executable_path/Frameworks",
				);
				MARKETING_VERSION = 1.0;
				PRODUCT_BUNDLE_IDENTIFIER = "com.9oormthonUNIV.UNIV-4cut";
				PRODUCT_NAME = "$(TARGET_NAME)";
				SWIFT_EMIT_LOC_STRINGS = YES;
				SWIFT_VERSION = 5.0;
				TARGETED_DEVICE_FAMILY = "1,2";
			};
			name = Release;
		};
/* End XCBuildConfiguration section */

/* Begin XCConfigurationList section */
		ED7F36AB2BA17C1B00D32683 /* Build configuration list for PBXProject "UNIV-4cut" */ = {
			isa = XCConfigurationList;
			buildConfigurations = (
				ED7F36BC2BA17C1C00D32683 /* Debug */,
				ED7F36BD2BA17C1C00D32683 /* Release */,
			);
			defaultConfigurationIsVisible = 0;
			defaultConfigurationName = Release;
		};
		ED7F36BE2BA17C1C00D32683 /* Build configuration list for PBXNativeTarget "UNIV-4cut" */ = {
			isa = XCConfigurationList;
			buildConfigurations = (
				ED7F36BF2BA17C1C00D32683 /* Debug */,
				ED7F36C02BA17C1C00D32683 /* Release */,
			);
			defaultConfigurationIsVisible = 0;
			defaultConfigurationName = Release;
		};
/* End XCConfigurationList section */

/* Begin XCRemoteSwiftPackageReference section */
		981E67BB2BA499FA0038A3D6 /* XCRemoteSwiftPackageReference "firebase-ios-sdk" */ = {
			isa = XCRemoteSwiftPackageReference;
			repositoryURL = "https://github.com/firebase/firebase-ios-sdk";
			requirement = {
				kind = upToNextMajorVersion;
				minimumVersion = 10.22.1;
			};
		};
/* End XCRemoteSwiftPackageReference section */

/* Begin XCSwiftPackageProductDependency section */
		981E67BC2BA499FA0038A3D6 /* FirebaseDatabase */ = {
			isa = XCSwiftPackageProductDependency;
			package = 981E67BB2BA499FA0038A3D6 /* XCRemoteSwiftPackageReference "firebase-ios-sdk" */;
			productName = FirebaseDatabase;
		};
		981E67BE2BA499FA0038A3D6 /* FirebaseDatabaseSwift */ = {
			isa = XCSwiftPackageProductDependency;
			package = 981E67BB2BA499FA0038A3D6 /* XCRemoteSwiftPackageReference "firebase-ios-sdk" */;
			productName = FirebaseDatabaseSwift;
		};
		981E67C02BA499FA0038A3D6 /* FirebaseDynamicLinks */ = {
			isa = XCSwiftPackageProductDependency;
			package = 981E67BB2BA499FA0038A3D6 /* XCRemoteSwiftPackageReference "firebase-ios-sdk" */;
			productName = FirebaseDynamicLinks;
		};
		981E67C22BA499FA0038A3D6 /* FirebaseFirestore */ = {
			isa = XCSwiftPackageProductDependency;
			package = 981E67BB2BA499FA0038A3D6 /* XCRemoteSwiftPackageReference "firebase-ios-sdk" */;
			productName = FirebaseFirestore;
		};
		981E67C42BA499FA0038A3D6 /* FirebaseFirestoreCombine-Community */ = {
			isa = XCSwiftPackageProductDependency;
			package = 981E67BB2BA499FA0038A3D6 /* XCRemoteSwiftPackageReference "firebase-ios-sdk" */;
			productName = "FirebaseFirestoreCombine-Community";
		};
		981E67C62BA499FA0038A3D6 /* FirebaseFirestoreSwift */ = {
			isa = XCSwiftPackageProductDependency;
			package = 981E67BB2BA499FA0038A3D6 /* XCRemoteSwiftPackageReference "firebase-ios-sdk" */;
			productName = FirebaseFirestoreSwift;
		};
		981E67C82BA499FA0038A3D6 /* FirebaseStorage */ = {
			isa = XCSwiftPackageProductDependency;
			package = 981E67BB2BA499FA0038A3D6 /* XCRemoteSwiftPackageReference "firebase-ios-sdk" */;
			productName = FirebaseStorage;
		};
/* End XCSwiftPackageProductDependency section */
	};
	rootObject = ED7F36A82BA17C1B00D32683 /* Project object */;
}
